{
  "requires": true,
  "lockfileVersion": 1,
  "dependencies": {
    "@remix-run/router": {
      "version": "1.9.0",
      "resolved": "https://registry.npmjs.org/@remix-run/router/-/router-1.9.0.tgz",
      "integrity": "sha512-bV63itrKBC0zdT27qYm6SDZHlkXwFL1xMBuhkn+X7l0+IIhNaH5wuuvZKp6eKhCD4KFhujhfhCT1YxXW6esUIA=="
    },
    "react-router": {
      "version": "6.16.0",
      "resolved": "https://registry.npmjs.org/react-router/-/react-router-6.16.0.tgz",
      "integrity": "sha512-VT4Mmc4jj5YyjpOi5jOf0I+TYzGpvzERy4ckNSvSh2RArv8LLoCxlsZ2D+tc7zgjxcY34oTz2hZaeX5RVprKqA==",
      "requires": {
        "@remix-run/router": "1.9.0"
      }
    }
  }
}
